
Microsoft Visual Studio Solution File, Format Version 12.00
# Visual Studio 14
VisualStudioVersion = 14.0.25420.1
MinimumVisualStudioVersion = 10.0.40219.1
Project("{2150E333-8FDC-42A3-9474-1A3956D46DE8}") = "src", "src", "{52F13E27-4877-4F20-96B4-2C6C4D174317}"
EndProject
Project("{2150E333-8FDC-42A3-9474-1A3956D46DE8}") = "Solution Items", "Solution Items", "{FCB0AD23-D6D4-4E96-AECE-F75DBC9FAC77}"
	ProjectSection(SolutionItems) = preProject
		global.json = global.json
	EndProjectSection
EndProject
Project("{8BB2217D-0F2D-49D1-97BC-3654ED321F3B}") = "MiscLearn3-CustOrder", "src\MiscLearn3-CustOrder\MiscLearn3-CustOrder.xproj", "{ED9C395D-4113-4A8A-BF8D-C6BDB76FD2D7}"
EndProject
Project("{8BB2217D-0F2D-49D1-97BC-3654ED321F3B}") = "MiscLearn3-CustOrder-BE", "src\MiscLearn3-CustOrder-BE\MiscLearn3-CustOrder-BE.xproj", "{D5B43D05-9017-451C-81D8-D839ED44D6C8}"
EndProject
Project("{8BB2217D-0F2D-49D1-97BC-3654ED321F3B}") = "MiscLearn3-CustOrder-BL", "src\MiscLearn3-CustOrder-BL\MiscLearn3-CustOrder-BL.xproj", "{67CEC911-AB3F-4868-AAD6-F09F10A1E130}"
EndProject
Project("{8BB2217D-0F2D-49D1-97BC-3654ED321F3B}") = "MiscLearn3-CustOrder-DAL", "src\MiscLearn3-CustOrder-DAL\MiscLearn3-CustOrder-DAL.xproj", "{93A90943-A124-437D-BE5A-D9EA5173DB5B}"
EndProject
Project("{00D1A9C2-B5F0-4AF3-8072-F6C62B433612}") = "MiscLearn3-Database", "MiscLearn3-Database\MiscLearn3-Database.sqlproj", "{15526622-4ACC-45D1-91DB-F740FD33CAE8}"
EndProject
Global
	GlobalSection(SolutionConfigurationPlatforms) = preSolution
		Debug|Any CPU = Debug|Any CPU
		Release|Any CPU = Release|Any CPU
	EndGlobalSection
	GlobalSection(ProjectConfigurationPlatforms) = postSolution
		{ED9C395D-4113-4A8A-BF8D-C6BDB76FD2D7}.Debug|Any CPU.ActiveCfg = Debug|Any CPU
		{ED9C395D-4113-4A8A-BF8D-C6BDB76FD2D7}.Debug|Any CPU.Build.0 = Debug|Any CPU
		{ED9C395D-4113-4A8A-BF8D-C6BDB76FD2D7}.Release|Any CPU.ActiveCfg = Release|Any CPU
		{ED9C395D-4113-4A8A-BF8D-C6BDB76FD2D7}.Release|Any CPU.Build.0 = Release|Any CPU
		{D5B43D05-9017-451C-81D8-D839ED44D6C8}.Debug|Any CPU.ActiveCfg = Debug|Any CPU
		{D5B43D05-9017-451C-81D8-D839ED44D6C8}.Debug|Any CPU.Build.0 = Debug|Any CPU
		{D5B43D05-9017-451C-81D8-D839ED44D6C8}.Release|Any CPU.ActiveCfg = Release|Any CPU
		{D5B43D05-9017-451C-81D8-D839ED44D6C8}.Release|Any CPU.Build.0 = Release|Any CPU
		{67CEC911-AB3F-4868-AAD6-F09F10A1E130}.Debug|Any CPU.ActiveCfg = Debug|Any CPU
		{67CEC911-AB3F-4868-AAD6-F09F10A1E130}.Debug|Any CPU.Build.0 = Debug|Any CPU
		{67CEC911-AB3F-4868-AAD6-F09F10A1E130}.Release|Any CPU.ActiveCfg = Release|Any CPU
		{67CEC911-AB3F-4868-AAD6-F09F10A1E130}.Release|Any CPU.Build.0 = Release|Any CPU
		{93A90943-A124-437D-BE5A-D9EA5173DB5B}.Debug|Any CPU.ActiveCfg = Debug|Any CPU
		{93A90943-A124-437D-BE5A-D9EA5173DB5B}.Debug|Any CPU.Build.0 = Debug|Any CPU
		{93A90943-A124-437D-BE5A-D9EA5173DB5B}.Release|Any CPU.ActiveCfg = Release|Any CPU
		{93A90943-A124-437D-BE5A-D9EA5173DB5B}.Release|Any CPU.Build.0 = Release|Any CPU
		{15526622-4ACC-45D1-91DB-F740FD33CAE8}.Debug|Any CPU.ActiveCfg = Debug|Any CPU
		{15526622-4ACC-45D1-91DB-F740FD33CAE8}.Debug|Any CPU.Build.0 = Debug|Any CPU
		{15526622-4ACC-45D1-91DB-F740FD33CAE8}.Debug|Any CPU.Deploy.0 = Debug|Any CPU
		{15526622-4ACC-45D1-91DB-F740FD33CAE8}.Release|Any CPU.ActiveCfg = Release|Any CPU
		{15526622-4ACC-45D1-91DB-F740FD33CAE8}.Release|Any CPU.Build.0 = Release|Any CPU
		{15526622-4ACC-45D1-91DB-F740FD33CAE8}.Release|Any CPU.Deploy.0 = Release|Any CPU
	EndGlobalSection
	GlobalSection(SolutionProperties) = preSolution
		HideSolutionNode = FALSE
	EndGlobalSection
	GlobalSection(NestedProjects) = preSolution
		{ED9C395D-4113-4A8A-BF8D-C6BDB76FD2D7} = {52F13E27-4877-4F20-96B4-2C6C4D174317}
		{D5B43D05-9017-451C-81D8-D839ED44D6C8} = {52F13E27-4877-4F20-96B4-2C6C4D174317}
		{67CEC911-AB3F-4868-AAD6-F09F10A1E130} = {52F13E27-4877-4F20-96B4-2C6C4D174317}
		{93A90943-A124-437D-BE5A-D9EA5173DB5B} = {52F13E27-4877-4F20-96B4-2C6C4D174317}
		{15526622-4ACC-45D1-91DB-F740FD33CAE8} = {52F13E27-4877-4F20-96B4-2C6C4D174317}
	EndGlobalSection
EndGlobal
